
Microsoft Visual Studio Solution File, Format Version 12.00
# Visual Studio Version 17
VisualStudioVersion = 17.9.34714.143
MinimumVisualStudioVersion = 10.0.40219.1
Project("{9A19103F-16F7-4668-BE54-9A1E7A4F7556}") = "stokEnka", "stokEnka.csproj", "{0FC2908E-F7A3-4CDA-BFFA-30E61E889CDD}"
EndProject
Global
	GlobalSection(SolutionConfigurationPlatforms) = preSolution
		Debug|Any CPU = Debug|Any CPU
		Release|Any CPU = Release|Any CPU
	EndGlobalSection
	GlobalSection(ProjectConfigurationPlatforms) = postSolution
		{0FC2908E-F7A3-4CDA-BFFA-30E61E889CDD}.Debug|Any CPU.ActiveCfg = Debug|Any CPU
		{0FC2908E-F7A3-4CDA-BFFA-30E61E889CDD}.Debug|Any CPU.Build.0 = Debug|Any CPU
		{0FC2908E-F7A3-4CDA-BFFA-30E61E889CDD}.Release|Any CPU.ActiveCfg = Release|Any CPU
		{0FC2908E-F7A3-4CDA-BFFA-30E61E889CDD}.Release|Any CPU.Build.0 = Release|Any CPU
	EndGlobalSection
	GlobalSection(SolutionProperties) = preSolution
		HideSolutionNode = FALSE
	EndGlobalSection
	GlobalSection(ExtensibilityGlobals) = postSolution
		SolutionGuid = {DEF4FB4E-FE79-4441-BAEF-3501A13D4CFF}
	EndGlobalSection
EndGlobal
